// !$*UTF8*$!
{
	archiveVersion = 1;
	classes = {
	};
	objectVersion = 51;
	objects = {

/* Begin PBXBuildFile section */
		A77590E7242F7168000E9280 /* Constants.swift in Sources */ = {isa = PBXBuildFile; fileRef = A77590E6242F7168000E9280 /* Constants.swift */; };
		A77590E9242F72BF000E9280 /* MainViewController.swift in Sources */ = {isa = PBXBuildFile; fileRef = A77590E8242F72BF000E9280 /* MainViewController.swift */; };
		A77590ED242FE492000E9280 /* StatusViewController.swift in Sources */ = {isa = PBXBuildFile; fileRef = A77590EC242FE492000E9280 /* StatusViewController.swift */; };
		A77590EF242FE4FA000E9280 /* AnnouncementViewController.swift in Sources */ = {isa = PBXBuildFile; fileRef = A77590EE242FE4FA000E9280 /* AnnouncementViewController.swift */; };
		A77590F1242FE54C000E9280 /* MakeAnnouncementViewController.swift in Sources */ = {isa = PBXBuildFile; fileRef = A77590F0242FE54C000E9280 /* MakeAnnouncementViewController.swift */; };
		A77590F3242FE580000E9280 /* UpdateStatusViewController.swift in Sources */ = {isa = PBXBuildFile; fileRef = A77590F2242FE580000E9280 /* UpdateStatusViewController.swift */; };
		A77590F5242FEE6C000E9280 /* StatusTableViewCell.swift in Sources */ = {isa = PBXBuildFile; fileRef = A77590F4242FEE6C000E9280 /* StatusTableViewCell.swift */; };
		A77590F7242FEEA1000E9280 /* AnnouncementTableViewCell.swift in Sources */ = {isa = PBXBuildFile; fileRef = A77590F6242FEEA1000E9280 /* AnnouncementTableViewCell.swift */; };
		A77590FB2430232E000E9280 /* GoogleService-Info.plist in Resources */ = {isa = PBXBuildFile; fileRef = A77590FA2430232E000E9280 /* GoogleService-Info.plist */; };
		A7D14D64242F4041004E7FF3 /* AppDelegate.swift in Sources */ = {isa = PBXBuildFile; fileRef = A7D14D63242F4041004E7FF3 /* AppDelegate.swift */; };
		A7D14D66242F4041004E7FF3 /* SceneDelegate.swift in Sources */ = {isa = PBXBuildFile; fileRef = A7D14D65242F4041004E7FF3 /* SceneDelegate.swift */; };
		A7D14D68242F4041004E7FF3 /* ViewController.swift in Sources */ = {isa = PBXBuildFile; fileRef = A7D14D67242F4041004E7FF3 /* ViewController.swift */; };
		A7D14D6B242F4041004E7FF3 /* Main.storyboard in Resources */ = {isa = PBXBuildFile; fileRef = A7D14D69242F4041004E7FF3 /* Main.storyboard */; };
		A7D14D6D242F404A004E7FF3 /* Assets.xcassets in Resources */ = {isa = PBXBuildFile; fileRef = A7D14D6C242F404A004E7FF3 /* Assets.xcassets */; };
		A7D14D70242F404A004E7FF3 /* LaunchScreen.storyboard in Resources */ = {isa = PBXBuildFile; fileRef = A7D14D6E242F404A004E7FF3 /* LaunchScreen.storyboard */; };
		A7D14D79242F43F8004E7FF3 /* AuthenticationViewController.swift in Sources */ = {isa = PBXBuildFile; fileRef = A7D14D78242F43F8004E7FF3 /* AuthenticationViewController.swift */; };
		A7D14D7B242F5B35004E7FF3 /* InviteOrJoinViewController.swift in Sources */ = {isa = PBXBuildFile; fileRef = A7D14D7A242F5B35004E7FF3 /* InviteOrJoinViewController.swift */; };
		A7D14D7D242F5B5B004E7FF3 /* InviteViewController.swift in Sources */ = {isa = PBXBuildFile; fileRef = A7D14D7C242F5B5B004E7FF3 /* InviteViewController.swift */; };
		A7D14D7F242F5B6D004E7FF3 /* ScanViewController.swift in Sources */ = {isa = PBXBuildFile; fileRef = A7D14D7E242F5B6D004E7FF3 /* ScanViewController.swift */; };
		A7DDC8CE24306279009E81F7 /* CustomQRViewController.swift in Sources */ = {isa = PBXBuildFile; fileRef = A7DDC8CD24306279009E81F7 /* CustomQRViewController.swift */; };
		A7E55274F030B590EA7340D9 /* Pods_DisturbMeMaybe.framework in Frameworks */ = {isa = PBXBuildFile; fileRef = 8B60D03F8211F14849329E0B /* Pods_DisturbMeMaybe.framework */; };
		CE4012E3243027960003BCA7 /* NotificationManager.swift in Sources */ = {isa = PBXBuildFile; fileRef = CE4012E2243027960003BCA7 /* NotificationManager.swift */; };
		CE4012E624302FC10003BCA7 /* NotificationSender.swift in Sources */ = {isa = PBXBuildFile; fileRef = CE4012E524302FC10003BCA7 /* NotificationSender.swift */; };
/* End PBXBuildFile section */

/* Begin PBXFileReference section */
		07AB358B4FF8CF7836CE01BB /* Pods-DisturbMeMaybe.debug.xcconfig */ = {isa = PBXFileReference; includeInIndex = 1; lastKnownFileType = text.xcconfig; name = "Pods-DisturbMeMaybe.debug.xcconfig"; path = "Target Support Files/Pods-DisturbMeMaybe/Pods-DisturbMeMaybe.debug.xcconfig"; sourceTree = "<group>"; };
		7A5D9F5D8CBD219C72708362 /* Pods-DisturbMeMaybe.release.xcconfig */ = {isa = PBXFileReference; includeInIndex = 1; lastKnownFileType = text.xcconfig; name = "Pods-DisturbMeMaybe.release.xcconfig"; path = "Target Support Files/Pods-DisturbMeMaybe/Pods-DisturbMeMaybe.release.xcconfig"; sourceTree = "<group>"; };
		8B60D03F8211F14849329E0B /* Pods_DisturbMeMaybe.framework */ = {isa = PBXFileReference; explicitFileType = wrapper.framework; includeInIndex = 0; path = Pods_DisturbMeMaybe.framework; sourceTree = BUILT_PRODUCTS_DIR; };
		A77590E6242F7168000E9280 /* Constants.swift */ = {isa = PBXFileReference; lastKnownFileType = sourcecode.swift; path = Constants.swift; sourceTree = "<group>"; };
		A77590E8242F72BF000E9280 /* MainViewController.swift */ = {isa = PBXFileReference; lastKnownFileType = sourcecode.swift; path = MainViewController.swift; sourceTree = "<group>"; };
		A77590EC242FE492000E9280 /* StatusViewController.swift */ = {isa = PBXFileReference; lastKnownFileType = sourcecode.swift; path = StatusViewController.swift; sourceTree = "<group>"; };
		A77590EE242FE4FA000E9280 /* AnnouncementViewController.swift */ = {isa = PBXFileReference; lastKnownFileType = sourcecode.swift; path = AnnouncementViewController.swift; sourceTree = "<group>"; };
		A77590F0242FE54C000E9280 /* MakeAnnouncementViewController.swift */ = {isa = PBXFileReference; lastKnownFileType = sourcecode.swift; path = MakeAnnouncementViewController.swift; sourceTree = "<group>"; };
		A77590F2242FE580000E9280 /* UpdateStatusViewController.swift */ = {isa = PBXFileReference; lastKnownFileType = sourcecode.swift; path = UpdateStatusViewController.swift; sourceTree = "<group>"; };
		A77590F4242FEE6C000E9280 /* StatusTableViewCell.swift */ = {isa = PBXFileReference; lastKnownFileType = sourcecode.swift; path = StatusTableViewCell.swift; sourceTree = "<group>"; };
		A77590F6242FEEA1000E9280 /* AnnouncementTableViewCell.swift */ = {isa = PBXFileReference; lastKnownFileType = sourcecode.swift; path = AnnouncementTableViewCell.swift; sourceTree = "<group>"; };
		A77590FA2430232E000E9280 /* GoogleService-Info.plist */ = {isa = PBXFileReference; fileEncoding = 4; lastKnownFileType = text.plist.xml; path = "GoogleService-Info.plist"; sourceTree = "<group>"; };
		A7D14D60242F4041004E7FF3 /* DisturbMeMaybe.app */ = {isa = PBXFileReference; explicitFileType = wrapper.application; includeInIndex = 0; path = DisturbMeMaybe.app; sourceTree = BUILT_PRODUCTS_DIR; };
		A7D14D63242F4041004E7FF3 /* AppDelegate.swift */ = {isa = PBXFileReference; lastKnownFileType = sourcecode.swift; path = AppDelegate.swift; sourceTree = "<group>"; };
		A7D14D65242F4041004E7FF3 /* SceneDelegate.swift */ = {isa = PBXFileReference; lastKnownFileType = sourcecode.swift; path = SceneDelegate.swift; sourceTree = "<group>"; };
		A7D14D67242F4041004E7FF3 /* ViewController.swift */ = {isa = PBXFileReference; lastKnownFileType = sourcecode.swift; path = ViewController.swift; sourceTree = "<group>"; };
		A7D14D6A242F4041004E7FF3 /* Base */ = {isa = PBXFileReference; lastKnownFileType = file.storyboard; name = Base; path = Base.lproj/Main.storyboard; sourceTree = "<group>"; };
		A7D14D6C242F404A004E7FF3 /* Assets.xcassets */ = {isa = PBXFileReference; lastKnownFileType = folder.assetcatalog; path = Assets.xcassets; sourceTree = "<group>"; };
		A7D14D6F242F404A004E7FF3 /* Base */ = {isa = PBXFileReference; lastKnownFileType = file.storyboard; name = Base; path = Base.lproj/LaunchScreen.storyboard; sourceTree = "<group>"; };
		A7D14D71242F404A004E7FF3 /* Info.plist */ = {isa = PBXFileReference; lastKnownFileType = text.plist.xml; path = Info.plist; sourceTree = "<group>"; };
		A7D14D78242F43F8004E7FF3 /* AuthenticationViewController.swift */ = {isa = PBXFileReference; lastKnownFileType = sourcecode.swift; path = AuthenticationViewController.swift; sourceTree = "<group>"; };
		A7D14D7A242F5B35004E7FF3 /* InviteOrJoinViewController.swift */ = {isa = PBXFileReference; lastKnownFileType = sourcecode.swift; path = InviteOrJoinViewController.swift; sourceTree = "<group>"; };
		A7D14D7C242F5B5B004E7FF3 /* InviteViewController.swift */ = {isa = PBXFileReference; lastKnownFileType = sourcecode.swift; path = InviteViewController.swift; sourceTree = "<group>"; };
		A7D14D7E242F5B6D004E7FF3 /* ScanViewController.swift */ = {isa = PBXFileReference; lastKnownFileType = sourcecode.swift; path = ScanViewController.swift; sourceTree = "<group>"; };
		A7DDC8CD24306279009E81F7 /* CustomQRViewController.swift */ = {isa = PBXFileReference; lastKnownFileType = sourcecode.swift; path = CustomQRViewController.swift; sourceTree = "<group>"; };
		CE4012E2243027960003BCA7 /* NotificationManager.swift */ = {isa = PBXFileReference; lastKnownFileType = sourcecode.swift; path = NotificationManager.swift; sourceTree = "<group>"; };
		CE4012E42430286C0003BCA7 /* DisturbMeMaybe.entitlements */ = {isa = PBXFileReference; lastKnownFileType = text.plist.entitlements; path = DisturbMeMaybe.entitlements; sourceTree = "<group>"; };
		CE4012E524302FC10003BCA7 /* NotificationSender.swift */ = {isa = PBXFileReference; lastKnownFileType = sourcecode.swift; path = NotificationSender.swift; sourceTree = "<group>"; };
/* End PBXFileReference section */

/* Begin PBXFrameworksBuildPhase section */
		A7D14D5D242F4041004E7FF3 /* Frameworks */ = {
			isa = PBXFrameworksBuildPhase;
			buildActionMask = 2147483647;
			files = (
				A7E55274F030B590EA7340D9 /* Pods_DisturbMeMaybe.framework in Frameworks */,
			);
			runOnlyForDeploymentPostprocessing = 0;
		};
/* End PBXFrameworksBuildPhase section */

/* Begin PBXGroup section */
		4B4FF4DF247003C6DD27451F /* Frameworks */ = {
			isa = PBXGroup;
			children = (
				8B60D03F8211F14849329E0B /* Pods_DisturbMeMaybe.framework */,
			);
			name = Frameworks;
			sourceTree = "<group>";
		};
		6CC860EC3A6E02D402C0B854 /* Pods */ = {
			isa = PBXGroup;
			children = (
				07AB358B4FF8CF7836CE01BB /* Pods-DisturbMeMaybe.debug.xcconfig */,
				7A5D9F5D8CBD219C72708362 /* Pods-DisturbMeMaybe.release.xcconfig */,
			);
			path = Pods;
			sourceTree = "<group>";
		};
		A7D14D57242F4041004E7FF3 = {
			isa = PBXGroup;
			children = (
				A7D14D62242F4041004E7FF3 /* DisturbMeMaybe */,
				A7D14D61242F4041004E7FF3 /* Products */,
				6CC860EC3A6E02D402C0B854 /* Pods */,
				4B4FF4DF247003C6DD27451F /* Frameworks */,
			);
			sourceTree = "<group>";
		};
		A7D14D61242F4041004E7FF3 /* Products */ = {
			isa = PBXGroup;
			children = (
				A7D14D60242F4041004E7FF3 /* DisturbMeMaybe.app */,
			);
			name = Products;
			sourceTree = "<group>";
		};
		A7D14D62242F4041004E7FF3 /* DisturbMeMaybe */ = {
			isa = PBXGroup;
			children = (
				CE4012E42430286C0003BCA7 /* DisturbMeMaybe.entitlements */,
				A7D14D80242F6001004E7FF3 /* Helpers */,
				A7D14D77242F4393004E7FF3 /* ViewControllers */,
				A7D14D63242F4041004E7FF3 /* AppDelegate.swift */,
				A7D14D65242F4041004E7FF3 /* SceneDelegate.swift */,
				A7D14D67242F4041004E7FF3 /* ViewController.swift */,
				A7D14D69242F4041004E7FF3 /* Main.storyboard */,
				A7D14D6C242F404A004E7FF3 /* Assets.xcassets */,
				A7D14D6E242F404A004E7FF3 /* LaunchScreen.storyboard */,
				A77590FA2430232E000E9280 /* GoogleService-Info.plist */,
				A7D14D71242F404A004E7FF3 /* Info.plist */,
			);
			path = DisturbMeMaybe;
			sourceTree = "<group>";
		};
		A7D14D77242F4393004E7FF3 /* ViewControllers */ = {
			isa = PBXGroup;
			children = (
				A7D14D78242F43F8004E7FF3 /* AuthenticationViewController.swift */,
				A7D14D7A242F5B35004E7FF3 /* InviteOrJoinViewController.swift */,
				A7D14D7C242F5B5B004E7FF3 /* InviteViewController.swift */,
				A7D14D7E242F5B6D004E7FF3 /* ScanViewController.swift */,
				A77590E8242F72BF000E9280 /* MainViewController.swift */,
				A77590EC242FE492000E9280 /* StatusViewController.swift */,
				A77590EE242FE4FA000E9280 /* AnnouncementViewController.swift */,
				A77590F0242FE54C000E9280 /* MakeAnnouncementViewController.swift */,
				A77590F2242FE580000E9280 /* UpdateStatusViewController.swift */,
				A77590F4242FEE6C000E9280 /* StatusTableViewCell.swift */,
				A77590F6242FEEA1000E9280 /* AnnouncementTableViewCell.swift */,
				A7DDC8CD24306279009E81F7 /* CustomQRViewController.swift */,
			);
			path = ViewControllers;
			sourceTree = "<group>";
		};
		A7D14D80242F6001004E7FF3 /* Helpers */ = {
			isa = PBXGroup;
			children = (
				A77590E6242F7168000E9280 /* Constants.swift */,
				CE4012E2243027960003BCA7 /* NotificationManager.swift */,
				CE4012E524302FC10003BCA7 /* NotificationSender.swift */,
			);
			path = Helpers;
			sourceTree = "<group>";
		};
/* End PBXGroup section */

/* Begin PBXNativeTarget section */
		A7D14D5F242F4041004E7FF3 /* DisturbMeMaybe */ = {
			isa = PBXNativeTarget;
			buildConfigurationList = A7D14D74242F404A004E7FF3 /* Build configuration list for PBXNativeTarget "DisturbMeMaybe" */;
			buildPhases = (
				53E583DBCFD95263A33E95FE /* [CP] Check Pods Manifest.lock */,
				A7D14D5C242F4041004E7FF3 /* Sources */,
				A7D14D5D242F4041004E7FF3 /* Frameworks */,
				A7D14D5E242F4041004E7FF3 /* Resources */,
				F32CA5235BEDC2AAC7D35AC0 /* [CP] Embed Pods Frameworks */,
			);
			buildRules = (
			);
			dependencies = (
			);
			name = DisturbMeMaybe;
			productName = DisturbMeMaybe;
			productReference = A7D14D60242F4041004E7FF3 /* DisturbMeMaybe.app */;
			productType = "com.apple.product-type.application";
		};
/* End PBXNativeTarget section */

/* Begin PBXProject section */
		A7D14D58242F4041004E7FF3 /* Project object */ = {
			isa = PBXProject;
			attributes = {
				LastSwiftUpdateCheck = 1140;
				LastUpgradeCheck = 1140;
				ORGANIZATIONNAME = "Safiyah Lakhany";
				TargetAttributes = {
					A7D14D5F242F4041004E7FF3 = {
						CreatedOnToolsVersion = 11.4;
					};
				};
			};
			buildConfigurationList = A7D14D5B242F4041004E7FF3 /* Build configuration list for PBXProject "DisturbMeMaybe" */;
			compatibilityVersion = "Xcode 9.3";
			developmentRegion = en;
			hasScannedForEncodings = 0;
			knownRegions = (
				en,
				Base,
			);
			mainGroup = A7D14D57242F4041004E7FF3;
			productRefGroup = A7D14D61242F4041004E7FF3 /* Products */;
			projectDirPath = "";
			projectRoot = "";
			targets = (
				A7D14D5F242F4041004E7FF3 /* DisturbMeMaybe */,
			);
		};
/* End PBXProject section */

/* Begin PBXResourcesBuildPhase section */
		A7D14D5E242F4041004E7FF3 /* Resources */ = {
			isa = PBXResourcesBuildPhase;
			buildActionMask = 2147483647;
			files = (
				A7D14D70242F404A004E7FF3 /* LaunchScreen.storyboard in Resources */,
				A77590FB2430232E000E9280 /* GoogleService-Info.plist in Resources */,
				A7D14D6D242F404A004E7FF3 /* Assets.xcassets in Resources */,
				A7D14D6B242F4041004E7FF3 /* Main.storyboard in Resources */,
			);
			runOnlyForDeploymentPostprocessing = 0;
		};
/* End PBXResourcesBuildPhase section */

/* Begin PBXShellScriptBuildPhase section */
		53E583DBCFD95263A33E95FE /* [CP] Check Pods Manifest.lock */ = {
			isa = PBXShellScriptBuildPhase;
			buildActionMask = 2147483647;
			files = (
			);
			inputFileListPaths = (
			);
			inputPaths = (
				"${PODS_PODFILE_DIR_PATH}/Podfile.lock",
				"${PODS_ROOT}/Manifest.lock",
			);
			name = "[CP] Check Pods Manifest.lock";
			outputFileListPaths = (
			);
			outputPaths = (
				"$(DERIVED_FILE_DIR)/Pods-DisturbMeMaybe-checkManifestLockResult.txt",
			);
			runOnlyForDeploymentPostprocessing = 0;
			shellPath = /bin/sh;
			shellScript = "diff \"${PODS_PODFILE_DIR_PATH}/Podfile.lock\" \"${PODS_ROOT}/Manifest.lock\" > /dev/null\nif [ $? != 0 ] ; then\n    # print error to STDERR\n    echo \"error: The sandbox is not in sync with the Podfile.lock. Run 'pod install' or update your CocoaPods installation.\" >&2\n    exit 1\nfi\n# This output is used by Xcode 'outputs' to avoid re-running this script phase.\necho \"SUCCESS\" > \"${SCRIPT_OUTPUT_FILE_0}\"\n";
			showEnvVarsInLog = 0;
		};
		F32CA5235BEDC2AAC7D35AC0 /* [CP] Embed Pods Frameworks */ = {
			isa = PBXShellScriptBuildPhase;
			buildActionMask = 2147483647;
			files = (
			);
			inputFileListPaths = (
				"${PODS_ROOT}/Target Support Files/Pods-DisturbMeMaybe/Pods-DisturbMeMaybe-frameworks-${CONFIGURATION}-input-files.xcfilelist",
			);
			name = "[CP] Embed Pods Frameworks";
			outputFileListPaths = (
				"${PODS_ROOT}/Target Support Files/Pods-DisturbMeMaybe/Pods-DisturbMeMaybe-frameworks-${CONFIGURATION}-output-files.xcfilelist",
			);
			runOnlyForDeploymentPostprocessing = 0;
			shellPath = /bin/sh;
			shellScript = "\"${PODS_ROOT}/Target Support Files/Pods-DisturbMeMaybe/Pods-DisturbMeMaybe-frameworks.sh\"\n";
			showEnvVarsInLog = 0;
		};
/* End PBXShellScriptBuildPhase section */

/* Begin PBXSourcesBuildPhase section */
		A7D14D5C242F4041004E7FF3 /* Sources */ = {
			isa = PBXSourcesBuildPhase;
			buildActionMask = 2147483647;
			files = (
				A77590F3242FE580000E9280 /* UpdateStatusViewController.swift in Sources */,
				A7D14D79242F43F8004E7FF3 /* AuthenticationViewController.swift in Sources */,
				A7D14D7F242F5B6D004E7FF3 /* ScanViewController.swift in Sources */,
				A77590F5242FEE6C000E9280 /* StatusTableViewCell.swift in Sources */,
				A7D14D68242F4041004E7FF3 /* ViewController.swift in Sources */,
				A7D14D64242F4041004E7FF3 /* AppDelegate.swift in Sources */,
				CE4012E3243027960003BCA7 /* NotificationManager.swift in Sources */,
				A77590EF242FE4FA000E9280 /* AnnouncementViewController.swift in Sources */,
				A77590ED242FE492000E9280 /* StatusViewController.swift in Sources */,
				A77590F7242FEEA1000E9280 /* AnnouncementTableViewCell.swift in Sources */,
				A7D14D7D242F5B5B004E7FF3 /* InviteViewController.swift in Sources */,
				A77590F1242FE54C000E9280 /* MakeAnnouncementViewController.swift in Sources */,
				A7DDC8CE24306279009E81F7 /* CustomQRViewController.swift in Sources */,
				CE4012E624302FC10003BCA7 /* NotificationSender.swift in Sources */,
				A7D14D7B242F5B35004E7FF3 /* InviteOrJoinViewController.swift in Sources */,
				A77590E9242F72BF000E9280 /* MainViewController.swift in Sources */,
				A7D14D66242F4041004E7FF3 /* SceneDelegate.swift in Sources */,
				A77590E7242F7168000E9280 /* Constants.swift in Sources */,
			);
			runOnlyForDeploymentPostprocessing = 0;
		};
/* End PBXSourcesBuildPhase section */

/* Begin PBXVariantGroup section */
		A7D14D69242F4041004E7FF3 /* Main.storyboard */ = {
			isa = PBXVariantGroup;
			children = (
				A7D14D6A242F4041004E7FF3 /* Base */,
			);
			name = Main.storyboard;
			sourceTree = "<group>";
		};
		A7D14D6E242F404A004E7FF3 /* LaunchScreen.storyboard */ = {
			isa = PBXVariantGroup;
			children = (
				A7D14D6F242F404A004E7FF3 /* Base */,
			);
			name = LaunchScreen.storyboard;
			sourceTree = "<group>";
		};
/* End PBXVariantGroup section */

/* Begin XCBuildConfiguration section */
		A7D14D72242F404A004E7FF3 /* Debug */ = {
			isa = XCBuildConfiguration;
			buildSettings = {
				ALWAYS_SEARCH_USER_PATHS = NO;
				CLANG_ANALYZER_NONNULL = YES;
				CLANG_ANALYZER_NUMBER_OBJECT_CONVERSION = YES_AGGRESSIVE;
				CLANG_CXX_LANGUAGE_STANDARD = "gnu++14";
				CLANG_CXX_LIBRARY = "libc++";
				CLANG_ENABLE_MODULES = YES;
				CLANG_ENABLE_OBJC_ARC = YES;
				CLANG_ENABLE_OBJC_WEAK = YES;
				CLANG_WARN_BLOCK_CAPTURE_AUTORELEASING = YES;
				CLANG_WARN_BOOL_CONVERSION = YES;
				CLANG_WARN_COMMA = YES;
				CLANG_WARN_CONSTANT_CONVERSION = YES;
				CLANG_WARN_DEPRECATED_OBJC_IMPLEMENTATIONS = YES;
				CLANG_WARN_DIRECT_OBJC_ISA_USAGE = YES_ERROR;
				CLANG_WARN_DOCUMENTATION_COMMENTS = YES;
				CLANG_WARN_EMPTY_BODY = YES;
				CLANG_WARN_ENUM_CONVERSION = YES;
				CLANG_WARN_INFINITE_RECURSION = YES;
				CLANG_WARN_INT_CONVERSION = YES;
				CLANG_WARN_NON_LITERAL_NULL_CONVERSION = YES;
				CLANG_WARN_OBJC_IMPLICIT_RETAIN_SELF = YES;
				CLANG_WARN_OBJC_LITERAL_CONVERSION = YES;
				CLANG_WARN_OBJC_ROOT_CLASS = YES_ERROR;
				CLANG_WARN_RANGE_LOOP_ANALYSIS = YES;
				CLANG_WARN_STRICT_PROTOTYPES = YES;
				CLANG_WARN_SUSPICIOUS_MOVE = YES;
				CLANG_WARN_UNGUARDED_AVAILABILITY = YES_AGGRESSIVE;
				CLANG_WARN_UNREACHABLE_CODE = YES;
				CLANG_WARN__DUPLICATE_METHOD_MATCH = YES;
				COPY_PHASE_STRIP = NO;
				DEBUG_INFORMATION_FORMAT = dwarf;
				ENABLE_STRICT_OBJC_MSGSEND = YES;
				ENABLE_TESTABILITY = YES;
				GCC_C_LANGUAGE_STANDARD = gnu11;
				GCC_DYNAMIC_NO_PIC = NO;
				GCC_NO_COMMON_BLOCKS = YES;
				GCC_OPTIMIZATION_LEVEL = 0;
				GCC_PREPROCESSOR_DEFINITIONS = (
					"DEBUG=1",
					"$(inherited)",
				);
				GCC_WARN_64_TO_32_BIT_CONVERSION = YES;
				GCC_WARN_ABOUT_RETURN_TYPE = YES_ERROR;
				GCC_WARN_UNDECLARED_SELECTOR = YES;
				GCC_WARN_UNINITIALIZED_AUTOS = YES_AGGRESSIVE;
				GCC_WARN_UNUSED_FUNCTION = YES;
				GCC_WARN_UNUSED_VARIABLE = YES;
				IPHONEOS_DEPLOYMENT_TARGET = 13.4;
				MTL_ENABLE_DEBUG_INFO = INCLUDE_SOURCE;
				MTL_FAST_MATH = YES;
				ONLY_ACTIVE_ARCH = YES;
				SDKROOT = iphoneos;
				SWIFT_ACTIVE_COMPILATION_CONDITIONS = DEBUG;
				SWIFT_OPTIMIZATION_LEVEL = "-Onone";
			};
			name = Debug;
		};
		A7D14D73242F404A004E7FF3 /* Release */ = {
			isa = XCBuildConfiguration;
			buildSettings = {
				ALWAYS_SEARCH_USER_PATHS = NO;
				CLANG_ANALYZER_NONNULL = YES;
				CLANG_ANALYZER_NUMBER_OBJECT_CONVERSION = YES_AGGRESSIVE;
				CLANG_CXX_LANGUAGE_STANDARD = "gnu++14";
				CLANG_CXX_LIBRARY = "libc++";
				CLANG_ENABLE_MODULES = YES;
				CLANG_ENABLE_OBJC_ARC = YES;
				CLANG_ENABLE_OBJC_WEAK = YES;
				CLANG_WARN_BLOCK_CAPTURE_AUTORELEASING = YES;
				CLANG_WARN_BOOL_CONVERSION = YES;
				CLANG_WARN_COMMA = YES;
				CLANG_WARN_CONSTANT_CONVERSION = YES;
				CLANG_WARN_DEPRECATED_OBJC_IMPLEMENTATIONS = YES;
				CLANG_WARN_DIRECT_OBJC_ISA_USAGE = YES_ERROR;
				CLANG_WARN_DOCUMENTATION_COMMENTS = YES;
				CLANG_WARN_EMPTY_BODY = YES;
				CLANG_WARN_ENUM_CONVERSION = YES;
				CLANG_WARN_INFINITE_RECURSION = YES;
				CLANG_WARN_INT_CONVERSION = YES;
				CLANG_WARN_NON_LITERAL_NULL_CONVERSION = YES;
				CLANG_WARN_OBJC_IMPLICIT_RETAIN_SELF = YES;
				CLANG_WARN_OBJC_LITERAL_CONVERSION = YES;
				CLANG_WARN_OBJC_ROOT_CLASS = YES_ERROR;
				CLANG_WARN_RANGE_LOOP_ANALYSIS = YES;
				CLANG_WARN_STRICT_PROTOTYPES = YES;
				CLANG_WARN_SUSPICIOUS_MOVE = YES;
				CLANG_WARN_UNGUARDED_AVAILABILITY = YES_AGGRESSIVE;
				CLANG_WARN_UNREACHABLE_CODE = YES;
				CLANG_WARN__DUPLICATE_METHOD_MATCH = YES;
				COPY_PHASE_STRIP = NO;
				DEBUG_INFORMATION_FORMAT = "dwarf-with-dsym";
				ENABLE_NS_ASSERTIONS = NO;
				ENABLE_STRICT_OBJC_MSGSEND = YES;
				GCC_C_LANGUAGE_STANDARD = gnu11;
				GCC_NO_COMMON_BLOCKS = YES;
				GCC_WARN_64_TO_32_BIT_CONVERSION = YES;
				GCC_WARN_ABOUT_RETURN_TYPE = YES_ERROR;
				GCC_WARN_UNDECLARED_SELECTOR = YES;
				GCC_WARN_UNINITIALIZED_AUTOS = YES_AGGRESSIVE;
				GCC_WARN_UNUSED_FUNCTION = YES;
				GCC_WARN_UNUSED_VARIABLE = YES;
				IPHONEOS_DEPLOYMENT_TARGET = 13.4;
				MTL_ENABLE_DEBUG_INFO = NO;
				MTL_FAST_MATH = YES;
				SDKROOT = iphoneos;
				SWIFT_COMPILATION_MODE = wholemodule;
				SWIFT_OPTIMIZATION_LEVEL = "-O";
				VALIDATE_PRODUCT = YES;
			};
			name = Release;
		};
		A7D14D75242F404A004E7FF3 /* Debug */ = {
			isa = XCBuildConfiguration;
			baseConfigurationReference = 07AB358B4FF8CF7836CE01BB /* Pods-DisturbMeMaybe.debug.xcconfig */;
			buildSettings = {
				ASSETCATALOG_COMPILER_APPICON_NAME = AppIcon;
				CODE_SIGN_ENTITLEMENTS = DisturbMeMaybe/DisturbMeMaybe.entitlements;
				CODE_SIGN_STYLE = Automatic;
				DEVELOPMENT_TEAM = 7K2U3828M5;
				INFOPLIST_FILE = DisturbMeMaybe/Info.plist;
				LD_RUNPATH_SEARCH_PATHS = (
					"$(inherited)",
					"@executable_path/Frameworks",
				);
				ONLY_ACTIVE_ARCH = YES;
				PRODUCT_BUNDLE_IDENTIFIER = com.dreamteam.disturb1233;
				PRODUCT_NAME = "$(TARGET_NAME)";
				SWIFT_VERSION = 5.0;
				TARGETED_DEVICE_FAMILY = "1,2";
			};
			name = Debug;
		};
		A7D14D76242F404A004E7FF3 /* Release */ = {
			isa = XCBuildConfiguration;
			baseConfigurationReference = 7A5D9F5D8CBD219C72708362 /* Pods-DisturbMeMaybe.release.xcconfig */;
			buildSettings = {
				ASSETCATALOG_COMPILER_APPICON_NAME = AppIcon;
				CODE_SIGN_ENTITLEMENTS = DisturbMeMaybe/DisturbMeMaybe.entitlements;
				CODE_SIGN_STYLE = Automatic;
				DEVELOPMENT_TEAM = 7K2U3828M5;
				INFOPLIST_FILE = DisturbMeMaybe/Info.plist;
				LD_RUNPATH_SEARCH_PATHS = (
					"$(inherited)",
					"@executable_path/Frameworks",
				);
				ONLY_ACTIVE_ARCH = YES;
				PRODUCT_BUNDLE_IDENTIFIER = com.dreamteam.disturb1233;
				PRODUCT_NAME = "$(TARGET_NAME)";
				SWIFT_VERSION = 5.0;
				TARGETED_DEVICE_FAMILY = "1,2";
			};
			name = Release;
		};
/* End XCBuildConfiguration section */

/* Begin XCConfigurationList section */
		A7D14D5B242F4041004E7FF3 /* Build configuration list for PBXProject "DisturbMeMaybe" */ = {
			isa = XCConfigurationList;
			buildConfigurations = (
				A7D14D72242F404A004E7FF3 /* Debug */,
				A7D14D73242F404A004E7FF3 /* Release */,
			);
			defaultConfigurationIsVisible = 0;
			defaultConfigurationName = Release;
		};
		A7D14D74242F404A004E7FF3 /* Build configuration list for PBXNativeTarget "DisturbMeMaybe" */ = {
			isa = XCConfigurationList;
			buildConfigurations = (
				A7D14D75242F404A004E7FF3 /* Debug */,
				A7D14D76242F404A004E7FF3 /* Release */,
			);
			defaultConfigurationIsVisible = 0;
			defaultConfigurationName = Release;
		};
/* End XCConfigurationList section */
	};
	rootObject = A7D14D58242F4041004E7FF3 /* Project object */;
}
